Microsoft Visual Studio Solution File, Format Version 11.00
# Visual Studio 2008

Project("{337F8B24-59F7-1FD2-024B-5AEE3B2789E9}") = "glslshader", "Assembly-CSharp.csproj", "{A03CD97A-F3E6-CCF0-CE87-9725618CEDDA}"
EndProject
Project("{337F8B24-59F7-1FD2-024B-5AEE3B2789E9}") = "glslshader", "Assembly-CSharp-Editor.csproj", "{408BC7AE-7931-3AC7-45A4-4EA86A428147}"
EndProject
Global
	GlobalSection(SolutionConfigurationPlatforms) = preSolution
		Debug|Any CPU = Debug|Any CPU
		Release|Any CPU = Release|Any CPU
	EndGlobalSection
	GlobalSection(ProjectConfigurationPlatforms) = postSolution
		{A03CD97A-F3E6-CCF0-CE87-9725618CEDDA}.Debug|Any CPU.ActiveCfg = Debug|Any CPU
		{A03CD97A-F3E6-CCF0-CE87-9725618CEDDA}.Debug|Any CPU.Build.0 = Debug|Any CPU
		{A03CD97A-F3E6-CCF0-CE87-9725618CEDDA}.Release|Any CPU.ActiveCfg = Release|Any CPU
		{A03CD97A-F3E6-CCF0-CE87-9725618CEDDA}.Release|Any CPU.Build.0 = Release|Any CPU
		{408BC7AE-7931-3AC7-45A4-4EA86A428147}.Debug|Any CPU.ActiveCfg = Debug|Any CPU
		{408BC7AE-7931-3AC7-45A4-4EA86A428147}.Debug|Any CPU.Build.0 = Debug|Any CPU
		{408BC7AE-7931-3AC7-45A4-4EA86A428147}.Release|Any CPU.ActiveCfg = Release|Any CPU
		{408BC7AE-7931-3AC7-45A4-4EA86A428147}.Release|Any CPU.Build.0 = Release|Any CPU
	EndGlobalSection
	GlobalSection(SolutionProperties) = preSolution
		HideSolutionNode = FALSE
	EndGlobalSection
	GlobalSection(MonoDevelopProperties) = preSolution
		StartupItem = Assembly-CSharp.csproj
	EndGlobalSection
EndGlobal
